
Microsoft Visual Studio Solution File, Format Version 12.00
# Visual Studio Version 16
VisualStudioVersion = 25.0.1706.0
MinimumVisualStudioVersion = 10.0.40219.1
Project("{FAE04EC0-301F-11D3-BF4B-00C04F79EFBC}") = "TempHumApi", "TempHumApi\TempHumApi.csproj", "{3E5FFBC4-BE99-40DC-A794-98F5D5BC2F92}"
EndProject
Global
	GlobalSection(SolutionConfigurationPlatforms) = preSolution
		Debug|Any CPU = Debug|Any CPU
		Release|Any CPU = Release|Any CPU
	EndGlobalSection
	GlobalSection(ProjectConfigurationPlatforms) = postSolution
		{3E5FFBC4-BE99-40DC-A794-98F5D5BC2F92}.Debug|Any CPU.ActiveCfg = Debug|Any CPU
		{3E5FFBC4-BE99-40DC-A794-98F5D5BC2F92}.Debug|Any CPU.Build.0 = Debug|Any CPU
		{3E5FFBC4-BE99-40DC-A794-98F5D5BC2F92}.Release|Any CPU.ActiveCfg = Release|Any CPU
		{3E5FFBC4-BE99-40DC-A794-98F5D5BC2F92}.Release|Any CPU.Build.0 = Release|Any CPU
	EndGlobalSection
	GlobalSection(SolutionProperties) = preSolution
		HideSolutionNode = FALSE
	EndGlobalSection
	GlobalSection(ExtensibilityGlobals) = postSolution
		SolutionGuid = {7084CE61-1057-42B9-BA9C-9AAA588F9A35}
	EndGlobalSection
EndGlobal
